
Microsoft Visual Studio Solution File, Format Version 12.00
# Visual Studio Version 17
VisualStudioVersion = 17.12.35514.174 d17.12
MinimumVisualStudioVersion = 10.0.40219.1
Project("{FAE04EC0-301F-11D3-BF4B-00C04F79EFBC}") = "ExotischNederland", "ExotischNederland\ExotischNederland.csproj", "{A216F96F-D754-4D91-8795-2FC8D4815E4A}"
EndProject
Global
	GlobalSection(SolutionConfigurationPlatforms) = preSolution
		Debug|Any CPU = Debug|Any CPU
		Release|Any CPU = Release|Any CPU
	EndGlobalSection
	GlobalSection(ProjectConfigurationPlatforms) = postSolution
		{A216F96F-D754-4D91-8795-2FC8D4815E4A}.Debug|Any CPU.ActiveCfg = Debug|Any CPU
		{A216F96F-D754-4D91-8795-2FC8D4815E4A}.Debug|Any CPU.Build.0 = Debug|Any CPU
		{A216F96F-D754-4D91-8795-2FC8D4815E4A}.Release|Any CPU.ActiveCfg = Release|Any CPU
		{A216F96F-D754-4D91-8795-2FC8D4815E4A}.Release|Any CPU.Build.0 = Release|Any CPU
	EndGlobalSection
	GlobalSection(SolutionProperties) = preSolution
		HideSolutionNode = FALSE
	EndGlobalSection
EndGlobal
